
Microsoft Visual Studio Solution File, Format Version 12.00
# Visual Studio Version 17
VisualStudioVersion = 17.0.31903.59
MinimumVisualStudioVersion = 10.0.40219.1
Project("{FAE04EC0-301F-11D3-BF4B-00C04F79EFBC}") = "anc.webapi", "anc.webapi\anc.webapi.csproj", "{93FC1F6A-23FC-491F-811F-E55F270022D2}"
EndProject
Project("{FAE04EC0-301F-11D3-BF4B-00C04F79EFBC}") = "anc.domains", "anc.domains\anc.domains.csproj", "{F8CD03E0-594C-4D13-96BF-7F7CB56F0744}"
EndProject
Project("{FAE04EC0-301F-11D3-BF4B-00C04F79EFBC}") = "anc.repositories", "anc.repositories\anc.repositories.csproj", "{263561D2-CFF5-49CA-BC2F-8164D0C8B70D}"
EndProject
Project("{FAE04EC0-301F-11D3-BF4B-00C04F79EFBC}") = "anc.applications", "anc.applications\anc.applications.csproj", "{0138EC30-82A7-45A5-A40E-D5CEA31B1DDB}"
EndProject
Project("{FAE04EC0-301F-11D3-BF4B-00C04F79EFBC}") = "anc.proxy", "anc.proxy\anc.proxy.csproj", "{EBC88BCA-B816-477A-B11E-C831E76B6801}"
EndProject
Global
	GlobalSection(SolutionConfigurationPlatforms) = preSolution
		Debug|Any CPU = Debug|Any CPU
		Release|Any CPU = Release|Any CPU
	EndGlobalSection
	GlobalSection(SolutionProperties) = preSolution
		HideSolutionNode = FALSE
	EndGlobalSection
	GlobalSection(ProjectConfigurationPlatforms) = postSolution
		{93FC1F6A-23FC-491F-811F-E55F270022D2}.Debug|Any CPU.ActiveCfg = Debug|Any CPU
		{93FC1F6A-23FC-491F-811F-E55F270022D2}.Debug|Any CPU.Build.0 = Debug|Any CPU
		{93FC1F6A-23FC-491F-811F-E55F270022D2}.Release|Any CPU.ActiveCfg = Release|Any CPU
		{93FC1F6A-23FC-491F-811F-E55F270022D2}.Release|Any CPU.Build.0 = Release|Any CPU
		{F8CD03E0-594C-4D13-96BF-7F7CB56F0744}.Debug|Any CPU.ActiveCfg = Debug|Any CPU
		{F8CD03E0-594C-4D13-96BF-7F7CB56F0744}.Debug|Any CPU.Build.0 = Debug|Any CPU
		{F8CD03E0-594C-4D13-96BF-7F7CB56F0744}.Release|Any CPU.ActiveCfg = Release|Any CPU
		{F8CD03E0-594C-4D13-96BF-7F7CB56F0744}.Release|Any CPU.Build.0 = Release|Any CPU
		{263561D2-CFF5-49CA-BC2F-8164D0C8B70D}.Debug|Any CPU.ActiveCfg = Debug|Any CPU
		{263561D2-CFF5-49CA-BC2F-8164D0C8B70D}.Debug|Any CPU.Build.0 = Debug|Any CPU
		{263561D2-CFF5-49CA-BC2F-8164D0C8B70D}.Release|Any CPU.ActiveCfg = Release|Any CPU
		{263561D2-CFF5-49CA-BC2F-8164D0C8B70D}.Release|Any CPU.Build.0 = Release|Any CPU
		{0138EC30-82A7-45A5-A40E-D5CEA31B1DDB}.Debug|Any CPU.ActiveCfg = Debug|Any CPU
		{0138EC30-82A7-45A5-A40E-D5CEA31B1DDB}.Debug|Any CPU.Build.0 = Debug|Any CPU
		{0138EC30-82A7-45A5-A40E-D5CEA31B1DDB}.Release|Any CPU.ActiveCfg = Release|Any CPU
		{0138EC30-82A7-45A5-A40E-D5CEA31B1DDB}.Release|Any CPU.Build.0 = Release|Any CPU
		{EBC88BCA-B816-477A-B11E-C831E76B6801}.Debug|Any CPU.ActiveCfg = Debug|Any CPU
		{EBC88BCA-B816-477A-B11E-C831E76B6801}.Debug|Any CPU.Build.0 = Debug|Any CPU
		{EBC88BCA-B816-477A-B11E-C831E76B6801}.Release|Any CPU.ActiveCfg = Release|Any CPU
		{EBC88BCA-B816-477A-B11E-C831E76B6801}.Release|Any CPU.Build.0 = Release|Any CPU
	EndGlobalSection
EndGlobal
